
Microsoft Visual Studio Solution File, Format Version 12.00
# Visual Studio Version 16
VisualStudioVersion = 16.0.33801.447
MinimumVisualStudioVersion = 10.0.40219.1
Project("{FAE04EC0-301F-11D3-BF4B-00C04F79EFBC}") = "console_ejemplo", "console_ejemplo.csproj", "{B3BB6DAE-6A16-4318-927A-471AAFFA816B}"
EndProject
Global
	GlobalSection(SolutionConfigurationPlatforms) = preSolution
		Debug|Any CPU = Debug|Any CPU
		Release|Any CPU = Release|Any CPU
	EndGlobalSection
	GlobalSection(ProjectConfigurationPlatforms) = postSolution
		{B3BB6DAE-6A16-4318-927A-471AAFFA816B}.Debug|Any CPU.ActiveCfg = Debug|Any CPU
		{B3BB6DAE-6A16-4318-927A-471AAFFA816B}.Debug|Any CPU.Build.0 = Debug|Any CPU
		{B3BB6DAE-6A16-4318-927A-471AAFFA816B}.Release|Any CPU.ActiveCfg = Release|Any CPU
		{B3BB6DAE-6A16-4318-927A-471AAFFA816B}.Release|Any CPU.Build.0 = Release|Any CPU
	EndGlobalSection
	GlobalSection(SolutionProperties) = preSolution
		HideSolutionNode = FALSE
	EndGlobalSection
	GlobalSection(ExtensibilityGlobals) = postSolution
		SolutionGuid = {1B45E3CD-7485-4C05-8C71-DB5CD20DBD24}
	EndGlobalSection
EndGlobal
